// !$*UTF8*$!
{
	archiveVersion = 1;
	classes = {
	};
	objectVersion = 46;
	objects = {

/* Begin PBXBuildFile section */
		8465F7771F42CA5D000512D0 /* AppDelegate.swift in Sources */ = {isa = PBXBuildFile; fileRef = 8465F7761F42CA5D000512D0 /* AppDelegate.swift */; };
		8465F77F1F42CA5D000512D0 /* codelock.xcdatamodeld in Sources */ = {isa = PBXBuildFile; fileRef = 8465F77D1F42CA5D000512D0 /* codelock.xcdatamodeld */; };
		8465F7811F42CA5D000512D0 /* Assets.xcassets in Resources */ = {isa = PBXBuildFile; fileRef = 8465F7801F42CA5D000512D0 /* Assets.xcassets */; };
		8465F7841F42CA5D000512D0 /* LaunchScreen.storyboard in Resources */ = {isa = PBXBuildFile; fileRef = 8465F7821F42CA5D000512D0 /* LaunchScreen.storyboard */; };
		8465F78C1F42CA7C000512D0 /* BaseViewController.swift in Sources */ = {isa = PBXBuildFile; fileRef = 8465F78B1F42CA7C000512D0 /* BaseViewController.swift */; };
		8465F78E1F42CAD2000512D0 /* HomeVC.swift in Sources */ = {isa = PBXBuildFile; fileRef = 8465F78D1F42CAD2000512D0 /* HomeVC.swift */; };
		8465F7901F42CD21000512D0 /* PassCodeVC.swift in Sources */ = {isa = PBXBuildFile; fileRef = 8465F78F1F42CD21000512D0 /* PassCodeVC.swift */; };
		8465F7921F42CE36000512D0 /* Extensions.swift in Sources */ = {isa = PBXBuildFile; fileRef = 8465F7911F42CE36000512D0 /* Extensions.swift */; };
		8465F7941F42CE63000512D0 /* PasscodeVC+Views.swift in Sources */ = {isa = PBXBuildFile; fileRef = 8465F7931F42CE63000512D0 /* PasscodeVC+Views.swift */; };
/* End PBXBuildFile section */

/* Begin PBXFileReference section */
		8465F7731F42CA5D000512D0 /* codelock.app */ = {isa = PBXFileReference; explicitFileType = wrapper.application; includeInIndex = 0; path = codelock.app; sourceTree = BUILT_PRODUCTS_DIR; };
		8465F7761F42CA5D000512D0 /* AppDelegate.swift */ = {isa = PBXFileReference; lastKnownFileType = sourcecode.swift; path = AppDelegate.swift; sourceTree = "<group>"; };
		8465F77E1F42CA5D000512D0 /* codelock.xcdatamodel */ = {isa = PBXFileReference; lastKnownFileType = wrapper.xcdatamodel; path = codelock.xcdatamodel; sourceTree = "<group>"; };
		8465F7801F42CA5D000512D0 /* Assets.xcassets */ = {isa = PBXFileReference; lastKnownFileType = folder.assetcatalog; path = Assets.xcassets; sourceTree = "<group>"; };
		8465F7831F42CA5D000512D0 /* Base */ = {isa = PBXFileReference; lastKnownFileType = file.storyboard; name = Base; path = Base.lproj/LaunchScreen.storyboard; sourceTree = "<group>"; };
		8465F7851F42CA5D000512D0 /* Info.plist */ = {isa = PBXFileReference; lastKnownFileType = text.plist.xml; path = Info.plist; sourceTree = "<group>"; };
		8465F78B1F42CA7C000512D0 /* BaseViewController.swift */ = {isa = PBXFileReference; fileEncoding = 4; lastKnownFileType = sourcecode.swift; path = BaseViewController.swift; sourceTree = "<group>"; };
		8465F78D1F42CAD2000512D0 /* HomeVC.swift */ = {isa = PBXFileReference; fileEncoding = 4; lastKnownFileType = sourcecode.swift; path = HomeVC.swift; sourceTree = "<group>"; };
		8465F78F1F42CD21000512D0 /* PassCodeVC.swift */ = {isa = PBXFileReference; fileEncoding = 4; lastKnownFileType = sourcecode.swift; path = PassCodeVC.swift; sourceTree = "<group>"; };
		8465F7911F42CE36000512D0 /* Extensions.swift */ = {isa = PBXFileReference; fileEncoding = 4; lastKnownFileType = sourcecode.swift; path = Extensions.swift; sourceTree = "<group>"; };
		8465F7931F42CE63000512D0 /* PasscodeVC+Views.swift */ = {isa = PBXFileReference; fileEncoding = 4; lastKnownFileType = sourcecode.swift; path = "PasscodeVC+Views.swift"; sourceTree = "<group>"; };
/* End PBXFileReference section */

/* Begin PBXFrameworksBuildPhase section */
		8465F7701F42CA5C000512D0 /* Frameworks */ = {
			isa = PBXFrameworksBuildPhase;
			buildActionMask = 2147483647;
			files = (
			);
			runOnlyForDeploymentPostprocessing = 0;
		};
/* End PBXFrameworksBuildPhase section */

/* Begin PBXGroup section */
		8403C2661F56B61D000478C2 /* Extensions */ = {
			isa = PBXGroup;
			children = (
				8465F7911F42CE36000512D0 /* Extensions.swift */,
			);
			name = Extensions;
			sourceTree = "<group>";
		};
		8403C2671F56B634000478C2 /* UserDefaults + Helpers */ = {
			isa = PBXGroup;
			children = (
			);
			name = "UserDefaults + Helpers";
			sourceTree = "<group>";
		};
		8403C2681F56B648000478C2 /* Base */ = {
			isa = PBXGroup;
			children = (
				8465F78B1F42CA7C000512D0 /* BaseViewController.swift */,
			);
			name = Base;
			sourceTree = "<group>";
		};
		8403C2691F56B65A000478C2 /* ViewControllers */ = {
			isa = PBXGroup;
			children = (
				8403C26B1F56B672000478C2 /* PassCode */,
				8403C26A1F56B665000478C2 /* Home */,
			);
			name = ViewControllers;
			sourceTree = "<group>";
		};
		8403C26A1F56B665000478C2 /* Home */ = {
			isa = PBXGroup;
			children = (
				8465F78D1F42CAD2000512D0 /* HomeVC.swift */,
			);
			name = Home;
			sourceTree = "<group>";
		};
		8403C26B1F56B672000478C2 /* PassCode */ = {
			isa = PBXGroup;
			children = (
				8465F78F1F42CD21000512D0 /* PassCodeVC.swift */,
				8465F7931F42CE63000512D0 /* PasscodeVC+Views.swift */,
			);
			name = PassCode;
			sourceTree = "<group>";
		};
		8403C26C1F56B686000478C2 /* App */ = {
			isa = PBXGroup;
			children = (
				8465F7761F42CA5D000512D0 /* AppDelegate.swift */,
			);
			name = App;
			sourceTree = "<group>";
		};
		8403C26E1F56B69F000478C2 /* Resource */ = {
			isa = PBXGroup;
			children = (
				8465F7801F42CA5D000512D0 /* Assets.xcassets */,
				8465F7821F42CA5D000512D0 /* LaunchScreen.storyboard */,
			);
			name = Resource;
			sourceTree = "<group>";
		};
		8403C26F1F56B6BF000478C2 /* Data */ = {
			isa = PBXGroup;
			children = (
				8465F77D1F42CA5D000512D0 /* codelock.xcdatamodeld */,
			);
			name = Data;
			sourceTree = "<group>";
		};
		8403C2701F56B6CB000478C2 /* Support */ = {
			isa = PBXGroup;
			children = (
				8465F7851F42CA5D000512D0 /* Info.plist */,
			);
			name = Support;
			sourceTree = "<group>";
		};
		8465F76A1F42CA5C000512D0 = {
			isa = PBXGroup;
			children = (
				8465F7751F42CA5D000512D0 /* codelock */,
				8465F7741F42CA5D000512D0 /* Products */,
			);
			sourceTree = "<group>";
		};
		8465F7741F42CA5D000512D0 /* Products */ = {
			isa = PBXGroup;
			children = (
				8465F7731F42CA5D000512D0 /* codelock.app */,
			);
			name = Products;
			sourceTree = "<group>";
		};
		8465F7751F42CA5D000512D0 /* codelock */ = {
			isa = PBXGroup;
			children = (
				8403C26C1F56B686000478C2 /* App */,
				8403C2691F56B65A000478C2 /* ViewControllers */,
				8403C2681F56B648000478C2 /* Base */,
				8403C2671F56B634000478C2 /* UserDefaults + Helpers */,
				8403C2661F56B61D000478C2 /* Extensions */,
				8403C26E1F56B69F000478C2 /* Resource */,
				8403C26F1F56B6BF000478C2 /* Data */,
				8403C2701F56B6CB000478C2 /* Support */,
			);
			path = codelock;
			sourceTree = "<group>";
		};
/* End PBXGroup section */

/* Begin PBXNativeTarget section */
		8465F7721F42CA5C000512D0 /* codelock */ = {
			isa = PBXNativeTarget;
			buildConfigurationList = 8465F7881F42CA5D000512D0 /* Build configuration list for PBXNativeTarget "codelock" */;
			buildPhases = (
				8465F76F1F42CA5C000512D0 /* Sources */,
				8465F7701F42CA5C000512D0 /* Frameworks */,
				8465F7711F42CA5C000512D0 /* Resources */,
			);
			buildRules = (
			);
			dependencies = (
			);
			name = codelock;
			productName = codelock;
			productReference = 8465F7731F42CA5D000512D0 /* codelock.app */;
			productType = "com.apple.product-type.application";
		};
/* End PBXNativeTarget section */

/* Begin PBXProject section */
		8465F76B1F42CA5C000512D0 /* Project object */ = {
			isa = PBXProject;
			attributes = {
				LastSwiftUpdateCheck = 0830;
				LastUpgradeCheck = 0830;
				ORGANIZATIONNAME = "Van Trung";
				TargetAttributes = {
					8465F7721F42CA5C000512D0 = {
						CreatedOnToolsVersion = 8.3;
						ProvisioningStyle = Automatic;
					};
				};
			};
			buildConfigurationList = 8465F76E1F42CA5C000512D0 /* Build configuration list for PBXProject "codelock" */;
			compatibilityVersion = "Xcode 3.2";
			developmentRegion = English;
			hasScannedForEncodings = 0;
			knownRegions = (
				en,
				Base,
			);
			mainGroup = 8465F76A1F42CA5C000512D0;
			productRefGroup = 8465F7741F42CA5D000512D0 /* Products */;
			projectDirPath = "";
			projectRoot = "";
			targets = (
				8465F7721F42CA5C000512D0 /* codelock */,
			);
		};
/* End PBXProject section */

/* Begin PBXResourcesBuildPhase section */
		8465F7711F42CA5C000512D0 /* Resources */ = {
			isa = PBXResourcesBuildPhase;
			buildActionMask = 2147483647;
			files = (
				8465F7841F42CA5D000512D0 /* LaunchScreen.storyboard in Resources */,
				8465F7811F42CA5D000512D0 /* Assets.xcassets in Resources */,
			);
			runOnlyForDeploymentPostprocessing = 0;
		};
/* End PBXResourcesBuildPhase section */

/* Begin PBXSourcesBuildPhase section */
		8465F76F1F42CA5C000512D0 /* Sources */ = {
			isa = PBXSourcesBuildPhase;
			buildActionMask = 2147483647;
			files = (
				8465F7771F42CA5D000512D0 /* AppDelegate.swift in Sources */,
				8465F7921F42CE36000512D0 /* Extensions.swift in Sources */,
				8465F78E1F42CAD2000512D0 /* HomeVC.swift in Sources */,
				8465F77F1F42CA5D000512D0 /* codelock.xcdatamodeld in Sources */,
				8465F78C1F42CA7C000512D0 /* BaseViewController.swift in Sources */,
				8465F7941F42CE63000512D0 /* PasscodeVC+Views.swift in Sources */,
				8465F7901F42CD21000512D0 /* PassCodeVC.swift in Sources */,
			);
			runOnlyForDeploymentPostprocessing = 0;
		};
/* End PBXSourcesBuildPhase section */

/* Begin PBXVariantGroup section */
		8465F7821F42CA5D000512D0 /* LaunchScreen.storyboard */ = {
			isa = PBXVariantGroup;
			children = (
				8465F7831F42CA5D000512D0 /* Base */,
			);
			name = LaunchScreen.storyboard;
			sourceTree = "<group>";
		};
/* End PBXVariantGroup section */

/* Begin XCBuildConfiguration section */
		8465F7861F42CA5D000512D0 /* Debug */ = {
			isa = XCBuildConfiguration;
			buildSettings = {
				ALWAYS_SEARCH_USER_PATHS = NO;
				CLANG_ANALYZER_NONNULL = YES;
				CLANG_ANALYZER_NUMBER_OBJECT_CONVERSION = YES_AGGRESSIVE;
				CLANG_CXX_LANGUAGE_STANDARD = "gnu++0x";
				CLANG_CXX_LIBRARY = "libc++";
				CLANG_ENABLE_MODULES = YES;
				CLANG_ENABLE_OBJC_ARC = YES;
				CLANG_WARN_BOOL_CONVERSION = YES;
				CLANG_WARN_CONSTANT_CONVERSION = YES;
				CLANG_WARN_DIRECT_OBJC_ISA_USAGE = YES_ERROR;
				CLANG_WARN_DOCUMENTATION_COMMENTS = YES;
				CLANG_WARN_EMPTY_BODY = YES;
				CLANG_WARN_ENUM_CONVERSION = YES;
				CLANG_WARN_INFINITE_RECURSION = YES;
				CLANG_WARN_INT_CONVERSION = YES;
				CLANG_WARN_OBJC_ROOT_CLASS = YES_ERROR;
				CLANG_WARN_SUSPICIOUS_MOVE = YES;
				CLANG_WARN_UNREACHABLE_CODE = YES;
				CLANG_WARN__DUPLICATE_METHOD_MATCH = YES;
				"CODE_SIGN_IDENTITY[sdk=iphoneos*]" = "iPhone Developer";
				COPY_PHASE_STRIP = NO;
				DEBUG_INFORMATION_FORMAT = dwarf;
				ENABLE_STRICT_OBJC_MSGSEND = YES;
				ENABLE_TESTABILITY = YES;
				GCC_C_LANGUAGE_STANDARD = gnu99;
				GCC_DYNAMIC_NO_PIC = NO;
				GCC_NO_COMMON_BLOCKS = YES;
				GCC_OPTIMIZATION_LEVEL = 0;
				GCC_PREPROCESSOR_DEFINITIONS = (
					"DEBUG=1",
					"$(inherited)",
				);
				GCC_WARN_64_TO_32_BIT_CONVERSION = YES;
				GCC_WARN_ABOUT_RETURN_TYPE = YES_ERROR;
				GCC_WARN_UNDECLARED_SELECTOR = YES;
				GCC_WARN_UNINITIALIZED_AUTOS = YES_AGGRESSIVE;
				GCC_WARN_UNUSED_FUNCTION = YES;
				GCC_WARN_UNUSED_VARIABLE = YES;
				IPHONEOS_DEPLOYMENT_TARGET = 10.3;
				MTL_ENABLE_DEBUG_INFO = YES;
				ONLY_ACTIVE_ARCH = YES;
				SDKROOT = iphoneos;
				SWIFT_ACTIVE_COMPILATION_CONDITIONS = DEBUG;
				SWIFT_OPTIMIZATION_LEVEL = "-Onone";
				TARGETED_DEVICE_FAMILY = "1,2";
			};
			name = Debug;
		};
		8465F7871F42CA5D000512D0 /* Release */ = {
			isa = XCBuildConfiguration;
			buildSettings = {
				ALWAYS_SEARCH_USER_PATHS = NO;
				CLANG_ANALYZER_NONNULL = YES;
				CLANG_ANALYZER_NUMBER_OBJECT_CONVERSION = YES_AGGRESSIVE;
				CLANG_CXX_LANGUAGE_STANDARD = "gnu++0x";
				CLANG_CXX_LIBRARY = "libc++";
				CLANG_ENABLE_MODULES = YES;
				CLANG_ENABLE_OBJC_ARC = YES;
				CLANG_WARN_BOOL_CONVERSION = YES;
				CLANG_WARN_CONSTANT_CONVERSION = YES;
				CLANG_WARN_DIRECT_OBJC_ISA_USAGE = YES_ERROR;
				CLANG_WARN_DOCUMENTATION_COMMENTS = YES;
				CLANG_WARN_EMPTY_BODY = YES;
				CLANG_WARN_ENUM_CONVERSION = YES;
				CLANG_WARN_INFINITE_RECURSION = YES;
				CLANG_WARN_INT_CONVERSION = YES;
				CLANG_WARN_OBJC_ROOT_CLASS = YES_ERROR;
				CLANG_WARN_SUSPICIOUS_MOVE = YES;
				CLANG_WARN_UNREACHABLE_CODE = YES;
				CLANG_WARN__DUPLICATE_METHOD_MATCH = YES;
				"CODE_SIGN_IDENTITY[sdk=iphoneos*]" = "iPhone Developer";
				COPY_PHASE_STRIP = NO;
				DEBUG_INFORMATION_FORMAT = "dwarf-with-dsym";
				ENABLE_NS_ASSERTIONS = NO;
				ENABLE_STRICT_OBJC_MSGSEND = YES;
				GCC_C_LANGUAGE_STANDARD = gnu99;
				GCC_NO_COMMON_BLOCKS = YES;
				GCC_WARN_64_TO_32_BIT_CONVERSION = YES;
				GCC_WARN_ABOUT_RETURN_TYPE = YES_ERROR;
				GCC_WARN_UNDECLARED_SELECTOR = YES;
				GCC_WARN_UNINITIALIZED_AUTOS = YES_AGGRESSIVE;
				GCC_WARN_UNUSED_FUNCTION = YES;
				GCC_WARN_UNUSED_VARIABLE = YES;
				IPHONEOS_DEPLOYMENT_TARGET = 10.3;
				MTL_ENABLE_DEBUG_INFO = NO;
				SDKROOT = iphoneos;
				SWIFT_OPTIMIZATION_LEVEL = "-Owholemodule";
				TARGETED_DEVICE_FAMILY = "1,2";
				VALIDATE_PRODUCT = YES;
			};
			name = Release;
		};
		8465F7891F42CA5D000512D0 /* Debug */ = {
			isa = XCBuildConfiguration;
			buildSettings = {
				ASSETCATALOG_COMPILER_APPICON_NAME = AppIcon;
				INFOPLIST_FILE = codelock/Info.plist;
				LD_RUNPATH_SEARCH_PATHS = "$(inherited) @executable_path/Frameworks";
				PRODUCT_BUNDLE_IDENTIFIER = vt.codelock;
				PRODUCT_NAME = "$(TARGET_NAME)";
				SWIFT_VERSION = 3.0;
			};
			name = Debug;
		};
		8465F78A1F42CA5D000512D0 /* Release */ = {
			isa = XCBuildConfiguration;
			buildSettings = {
				ASSETCATALOG_COMPILER_APPICON_NAME = AppIcon;
				INFOPLIST_FILE = codelock/Info.plist;
				LD_RUNPATH_SEARCH_PATHS = "$(inherited) @executable_path/Frameworks";
				PRODUCT_BUNDLE_IDENTIFIER = vt.codelock;
				PRODUCT_NAME = "$(TARGET_NAME)";
				SWIFT_VERSION = 3.0;
			};
			name = Release;
		};
/* End XCBuildConfiguration section */

/* Begin XCConfigurationList section */
		8465F76E1F42CA5C000512D0 /* Build configuration list for PBXProject "codelock" */ = {
			isa = XCConfigurationList;
			buildConfigurations = (
				8465F7861F42CA5D000512D0 /* Debug */,
				8465F7871F42CA5D000512D0 /* Release */,
			);
			defaultConfigurationIsVisible = 0;
			defaultConfigurationName = Release;
		};
		8465F7881F42CA5D000512D0 /* Build configuration list for PBXNativeTarget "codelock" */ = {
			isa = XCConfigurationList;
			buildConfigurations = (
				8465F7891F42CA5D000512D0 /* Debug */,
				8465F78A1F42CA5D000512D0 /* Release */,
			);
			defaultConfigurationIsVisible = 0;
			defaultConfigurationName = Release;
		};
/* End XCConfigurationList section */

/* Begin XCVersionGroup section */
		8465F77D1F42CA5D000512D0 /* codelock.xcdatamodeld */ = {
			isa = XCVersionGroup;
			children = (
				8465F77E1F42CA5D000512D0 /* codelock.xcdatamodel */,
			);
			currentVersion = 8465F77E1F42CA5D000512D0 /* codelock.xcdatamodel */;
			path = codelock.xcdatamodeld;
			sourceTree = "<group>";
			versionGroupType = wrapper.xcdatamodel;
		};
/* End XCVersionGroup section */
	};
	rootObject = 8465F76B1F42CA5C000512D0 /* Project object */;
}
